
Microsoft Visual Studio Solution File, Format Version 12.00
# Visual Studio Version 16
VisualStudioVersion = 16.0.31702.278
MinimumVisualStudioVersion = 10.0.40219.1
Project("{FAE04EC0-301F-11D3-BF4B-00C04F79EFBC}") = "Task1_BuildingClasses", "Task1_BuildingClasses\Task1_BuildingClasses.csproj", "{B0986712-A3E4-40DD-9788-4E0FCA40911E}"
EndProject
Global
	GlobalSection(SolutionConfigurationPlatforms) = preSolution
		Debug|Any CPU = Debug|Any CPU
		Release|Any CPU = Release|Any CPU
	EndGlobalSection
	GlobalSection(ProjectConfigurationPlatforms) = postSolution
		{B0986712-A3E4-40DD-9788-4E0FCA40911E}.Debug|Any CPU.ActiveCfg = Debug|Any CPU
		{B0986712-A3E4-40DD-9788-4E0FCA40911E}.Debug|Any CPU.Build.0 = Debug|Any CPU
		{B0986712-A3E4-40DD-9788-4E0FCA40911E}.Release|Any CPU.ActiveCfg = Release|Any CPU
		{B0986712-A3E4-40DD-9788-4E0FCA40911E}.Release|Any CPU.Build.0 = Release|Any CPU
	EndGlobalSection
	GlobalSection(SolutionProperties) = preSolution
		HideSolutionNode = FALSE
	EndGlobalSection
	GlobalSection(ExtensibilityGlobals) = postSolution
		SolutionGuid = {2CDA62F4-6A38-460F-9072-84E3F3ED3B0B}
	EndGlobalSection
EndGlobal
